
Microsoft Visual Studio Solution File, Format Version 12.00
# Visual Studio 15
VisualStudioVersion = 15.0.28307.960
MinimumVisualStudioVersion = 10.0.40219.1
Project("{FAE04EC0-301F-11D3-BF4B-00C04F79EFBC}") = "OnboardingTask", "OnboardingTask\OnboardingTask.csproj", "{2F9FE80B-EA42-4761-9F2F-B8603E10C664}"
EndProject
Global
	GlobalSection(SolutionConfigurationPlatforms) = preSolution
		Debug|Any CPU = Debug|Any CPU
		Release|Any CPU = Release|Any CPU
	EndGlobalSection
	GlobalSection(ProjectConfigurationPlatforms) = postSolution
		{2F9FE80B-EA42-4761-9F2F-B8603E10C664}.Debug|Any CPU.ActiveCfg = Debug|Any CPU
		{2F9FE80B-EA42-4761-9F2F-B8603E10C664}.Debug|Any CPU.Build.0 = Debug|Any CPU
		{2F9FE80B-EA42-4761-9F2F-B8603E10C664}.Release|Any CPU.ActiveCfg = Release|Any CPU
		{2F9FE80B-EA42-4761-9F2F-B8603E10C664}.Release|Any CPU.Build.0 = Release|Any CPU
	EndGlobalSection
	GlobalSection(SolutionProperties) = preSolution
		HideSolutionNode = FALSE
	EndGlobalSection
	GlobalSection(ExtensibilityGlobals) = postSolution
		SolutionGuid = {BBA5B27F-A40E-45E4-AB28-68CEE5F823A4}
	EndGlobalSection
EndGlobal
